
Microsoft Visual Studio Solution File, Format Version 12.00
# Visual Studio Version 17
VisualStudioVersion = 17.5.002.0
MinimumVisualStudioVersion = 10.0.40219.1
Project("{2150E333-8FDC-42A3-9474-1A3956D46DE8}") = "src", "src", "{AECFE2D7-3E53-4CC1-B409-71F0AC4BF0CE}"
EndProject
Project("{2150E333-8FDC-42A3-9474-1A3956D46DE8}") = "AWS", "AWS", "{D52B9AEF-D977-4B29-A68E-D270F76892A6}"
EndProject
Project("{9A19103F-16F7-4668-BE54-9A1E7A4F7556}") = "Aoxe.AWS.EventBridge", "src\AWS\Aoxe.AWS.EventBridge\Aoxe.AWS.EventBridge.csproj", "{218FB563-8235-439A-BF91-04C8A185CA04}"
EndProject
Project("{9A19103F-16F7-4668-BE54-9A1E7A4F7556}") = "Aoxe.AWS.Kinesis", "src\AWS\Aoxe.AWS.Kinesis\Aoxe.AWS.Kinesis.csproj", "{CADDA648-78EA-4ADE-AE17-6EBB89BFFA3C}"
EndProject
Project("{9A19103F-16F7-4668-BE54-9A1E7A4F7556}") = "Aoxe.AWS.MQ", "src\AWS\Aoxe.AWS.MQ\Aoxe.AWS.MQ.csproj", "{4475FB4E-7734-4A5D-AEFF-18D369B1864A}"
EndProject
Project("{9A19103F-16F7-4668-BE54-9A1E7A4F7556}") = "Aoxe.AWS.SNS", "src\AWS\Aoxe.AWS.SNS\Aoxe.AWS.SNS.csproj", "{6BFDD427-ADC8-4B90-9E1E-CF3399EB2DA8}"
EndProject
Project("{9A19103F-16F7-4668-BE54-9A1E7A4F7556}") = "Aoxe.AWS.SQS", "src\AWS\Aoxe.AWS.SQS\Aoxe.AWS.SQS.csproj", "{722F44BF-AFAB-4D8E-A8D1-308E39B57496}"
EndProject
Project("{2150E333-8FDC-42A3-9474-1A3956D46DE8}") = "Azure", "Azure", "{DD911851-1273-4C39-BEA8-4D656C7662B4}"
EndProject
Project("{9A19103F-16F7-4668-BE54-9A1E7A4F7556}") = "Aoxe.Azure.EventGrid", "src\Azure\Aoxe.Azure.EventGrid\Aoxe.Azure.EventGrid.csproj", "{DD512D15-1538-43FE-8384-2E058B1FFDA6}"
EndProject
Project("{9A19103F-16F7-4668-BE54-9A1E7A4F7556}") = "Aoxe.Azure.EventHubs", "src\Azure\Aoxe.Azure.EventHubs\Aoxe.Azure.EventHubs.csproj", "{46C0E2A8-9F55-4307-8CFC-96D015965D64}"
EndProject
Project("{9A19103F-16F7-4668-BE54-9A1E7A4F7556}") = "Aoxe.Azure.QueueStorage", "src\Azure\Aoxe.Azure.QueueStorage\Aoxe.Azure.QueueStorage.csproj", "{3A0BA135-78E2-4EBD-8E66-3AC03DCD3AE9}"
EndProject
Project("{9A19103F-16F7-4668-BE54-9A1E7A4F7556}") = "Aoxe.Azure.ServiceBus", "src\Azure\Aoxe.Azure.ServiceBus\Aoxe.Azure.ServiceBus.csproj", "{1AFF3366-6F55-482F-AC2B-268414E242FE}"
EndProject
Project("{2150E333-8FDC-42A3-9474-1A3956D46DE8}") = "GCP", "GCP", "{4C50E4E4-4649-49B7-B440-50E27B029D57}"
EndProject
Project("{9A19103F-16F7-4668-BE54-9A1E7A4F7556}") = "Aoxe.GCP.PubSub", "src\GCP\Aoxe.GCP.PubSub\Aoxe.GCP.PubSub.csproj", "{CDD25BD7-3EFE-4A24-A4A0-06DF34D97564}"
EndProject
Global
	GlobalSection(SolutionConfigurationPlatforms) = preSolution
		Debug|Any CPU = Debug|Any CPU
		Release|Any CPU = Release|Any CPU
	EndGlobalSection
	GlobalSection(ProjectConfigurationPlatforms) = postSolution
		{218FB563-8235-439A-BF91-04C8A185CA04}.Debug|Any CPU.ActiveCfg = Debug|Any CPU
		{218FB563-8235-439A-BF91-04C8A185CA04}.Debug|Any CPU.Build.0 = Debug|Any CPU
		{218FB563-8235-439A-BF91-04C8A185CA04}.Release|Any CPU.ActiveCfg = Release|Any CPU
		{218FB563-8235-439A-BF91-04C8A185CA04}.Release|Any CPU.Build.0 = Release|Any CPU
		{CADDA648-78EA-4ADE-AE17-6EBB89BFFA3C}.Debug|Any CPU.ActiveCfg = Debug|Any CPU
		{CADDA648-78EA-4ADE-AE17-6EBB89BFFA3C}.Debug|Any CPU.Build.0 = Debug|Any CPU
		{CADDA648-78EA-4ADE-AE17-6EBB89BFFA3C}.Release|Any CPU.ActiveCfg = Release|Any CPU
		{CADDA648-78EA-4ADE-AE17-6EBB89BFFA3C}.Release|Any CPU.Build.0 = Release|Any CPU
		{4475FB4E-7734-4A5D-AEFF-18D369B1864A}.Debug|Any CPU.ActiveCfg = Debug|Any CPU
		{4475FB4E-7734-4A5D-AEFF-18D369B1864A}.Debug|Any CPU.Build.0 = Debug|Any CPU
		{4475FB4E-7734-4A5D-AEFF-18D369B1864A}.Release|Any CPU.ActiveCfg = Release|Any CPU
		{4475FB4E-7734-4A5D-AEFF-18D369B1864A}.Release|Any CPU.Build.0 = Release|Any CPU
		{6BFDD427-ADC8-4B90-9E1E-CF3399EB2DA8}.Debug|Any CPU.ActiveCfg = Debug|Any CPU
		{6BFDD427-ADC8-4B90-9E1E-CF3399EB2DA8}.Debug|Any CPU.Build.0 = Debug|Any CPU
		{6BFDD427-ADC8-4B90-9E1E-CF3399EB2DA8}.Release|Any CPU.ActiveCfg = Release|Any CPU
		{6BFDD427-ADC8-4B90-9E1E-CF3399EB2DA8}.Release|Any CPU.Build.0 = Release|Any CPU
		{722F44BF-AFAB-4D8E-A8D1-308E39B57496}.Debug|Any CPU.ActiveCfg = Debug|Any CPU
		{722F44BF-AFAB-4D8E-A8D1-308E39B57496}.Debug|Any CPU.Build.0 = Debug|Any CPU
		{722F44BF-AFAB-4D8E-A8D1-308E39B57496}.Release|Any CPU.ActiveCfg = Release|Any CPU
		{722F44BF-AFAB-4D8E-A8D1-308E39B57496}.Release|Any CPU.Build.0 = Release|Any CPU
		{DD512D15-1538-43FE-8384-2E058B1FFDA6}.Debug|Any CPU.ActiveCfg = Debug|Any CPU
		{DD512D15-1538-43FE-8384-2E058B1FFDA6}.Debug|Any CPU.Build.0 = Debug|Any CPU
		{DD512D15-1538-43FE-8384-2E058B1FFDA6}.Release|Any CPU.ActiveCfg = Release|Any CPU
		{DD512D15-1538-43FE-8384-2E058B1FFDA6}.Release|Any CPU.Build.0 = Release|Any CPU
		{46C0E2A8-9F55-4307-8CFC-96D015965D64}.Debug|Any CPU.ActiveCfg = Debug|Any CPU
		{46C0E2A8-9F55-4307-8CFC-96D015965D64}.Debug|Any CPU.Build.0 = Debug|Any CPU
		{46C0E2A8-9F55-4307-8CFC-96D015965D64}.Release|Any CPU.ActiveCfg = Release|Any CPU
		{46C0E2A8-9F55-4307-8CFC-96D015965D64}.Release|Any CPU.Build.0 = Release|Any CPU
		{3A0BA135-78E2-4EBD-8E66-3AC03DCD3AE9}.Debug|Any CPU.ActiveCfg = Debug|Any CPU
		{3A0BA135-78E2-4EBD-8E66-3AC03DCD3AE9}.Debug|Any CPU.Build.0 = Debug|Any CPU
		{3A0BA135-78E2-4EBD-8E66-3AC03DCD3AE9}.Release|Any CPU.ActiveCfg = Release|Any CPU
		{3A0BA135-78E2-4EBD-8E66-3AC03DCD3AE9}.Release|Any CPU.Build.0 = Release|Any CPU
		{1AFF3366-6F55-482F-AC2B-268414E242FE}.Debug|Any CPU.ActiveCfg = Debug|Any CPU
		{1AFF3366-6F55-482F-AC2B-268414E242FE}.Debug|Any CPU.Build.0 = Debug|Any CPU
		{1AFF3366-6F55-482F-AC2B-268414E242FE}.Release|Any CPU.ActiveCfg = Release|Any CPU
		{1AFF3366-6F55-482F-AC2B-268414E242FE}.Release|Any CPU.Build.0 = Release|Any CPU
		{CDD25BD7-3EFE-4A24-A4A0-06DF34D97564}.Debug|Any CPU.ActiveCfg = Debug|Any CPU
		{CDD25BD7-3EFE-4A24-A4A0-06DF34D97564}.Debug|Any CPU.Build.0 = Debug|Any CPU
		{CDD25BD7-3EFE-4A24-A4A0-06DF34D97564}.Release|Any CPU.ActiveCfg = Release|Any CPU
		{CDD25BD7-3EFE-4A24-A4A0-06DF34D97564}.Release|Any CPU.Build.0 = Release|Any CPU
	EndGlobalSection
	GlobalSection(SolutionProperties) = preSolution
		HideSolutionNode = FALSE
	EndGlobalSection
	GlobalSection(NestedProjects) = preSolution
		{D52B9AEF-D977-4B29-A68E-D270F76892A6} = {AECFE2D7-3E53-4CC1-B409-71F0AC4BF0CE}
		{218FB563-8235-439A-BF91-04C8A185CA04} = {D52B9AEF-D977-4B29-A68E-D270F76892A6}
		{CADDA648-78EA-4ADE-AE17-6EBB89BFFA3C} = {D52B9AEF-D977-4B29-A68E-D270F76892A6}
		{4475FB4E-7734-4A5D-AEFF-18D369B1864A} = {D52B9AEF-D977-4B29-A68E-D270F76892A6}
		{6BFDD427-ADC8-4B90-9E1E-CF3399EB2DA8} = {D52B9AEF-D977-4B29-A68E-D270F76892A6}
		{722F44BF-AFAB-4D8E-A8D1-308E39B57496} = {D52B9AEF-D977-4B29-A68E-D270F76892A6}
		{DD911851-1273-4C39-BEA8-4D656C7662B4} = {AECFE2D7-3E53-4CC1-B409-71F0AC4BF0CE}
		{DD512D15-1538-43FE-8384-2E058B1FFDA6} = {DD911851-1273-4C39-BEA8-4D656C7662B4}
		{46C0E2A8-9F55-4307-8CFC-96D015965D64} = {DD911851-1273-4C39-BEA8-4D656C7662B4}
		{3A0BA135-78E2-4EBD-8E66-3AC03DCD3AE9} = {DD911851-1273-4C39-BEA8-4D656C7662B4}
		{1AFF3366-6F55-482F-AC2B-268414E242FE} = {DD911851-1273-4C39-BEA8-4D656C7662B4}
		{4C50E4E4-4649-49B7-B440-50E27B029D57} = {AECFE2D7-3E53-4CC1-B409-71F0AC4BF0CE}
		{CDD25BD7-3EFE-4A24-A4A0-06DF34D97564} = {4C50E4E4-4649-49B7-B440-50E27B029D57}
	EndGlobalSection
	GlobalSection(ExtensibilityGlobals) = postSolution
		SolutionGuid = {3FD9761E-9DBA-4242-AD9D-97CEA0D7BA66}
	EndGlobalSection
EndGlobal
