
Microsoft Visual Studio Solution File, Format Version 12.00
Project("{2150E333-8FDC-42A3-9474-1A3956D46DE8}") = "demo", "demo", "{A414AC30-A42C-421B-9436-96577A543572}"
EndProject
Project("{2150E333-8FDC-42A3-9474-1A3956D46DE8}") = "srs", "srs", "{EDD2FEB5-3174-4CEA-98B7-7CA94983488E}"
EndProject
Project("{2150E333-8FDC-42A3-9474-1A3956D46DE8}") = "tests", "tests", "{623934D6-A502-42B3-B098-18CB05DE90B1}"
EndProject
Project("{2150E333-8FDC-42A3-9474-1A3956D46DE8}") = "AWS", "AWS", "{46D6249C-F6D3-4C5C-9089-E9CC090379FE}"
EndProject
Project("{2150E333-8FDC-42A3-9474-1A3956D46DE8}") = "Azure", "Azure", "{A607E3F2-ABC5-4731-AF66-1F4C309057F6}"
EndProject
Project("{2150E333-8FDC-42A3-9474-1A3956D46DE8}") = "GCP", "GCP", "{FD16651D-69FA-44EC-A2D2-0CE57C8A0B0F}"
EndProject
Project("{FAE04EC0-301F-11D3-BF4B-00C04F79EFBC}") = "Zaabee.AWS.EventBridge", "src\AWS\Zaabee.AWS.EventBridge\Zaabee.AWS.EventBridge.csproj", "{A5681771-4398-4828-8AC6-B9845F10819C}"
EndProject
Project("{FAE04EC0-301F-11D3-BF4B-00C04F79EFBC}") = "Zaabee.AWS.Kinesis", "src\AWS\Zaabee.AWS.Kinesis\Zaabee.AWS.Kinesis.csproj", "{DDE5F1B9-6156-4ADE-96CD-F36C7AD4CABD}"
EndProject
Project("{FAE04EC0-301F-11D3-BF4B-00C04F79EFBC}") = "Zaabee.AWS.MQ", "src\AWS\Zaabee.AWS.MQ\Zaabee.AWS.MQ.csproj", "{C571B4B0-55DE-45CB-A31B-D6504094A34D}"
EndProject
Project("{FAE04EC0-301F-11D3-BF4B-00C04F79EFBC}") = "Zaabee.AWS.SNS", "src\AWS\Zaabee.AWS.SNS\Zaabee.AWS.SNS.csproj", "{1B1904F2-DFC7-4CA9-AD3C-57A295D50A1B}"
EndProject
Project("{FAE04EC0-301F-11D3-BF4B-00C04F79EFBC}") = "Zaabee.AWS.SQS", "src\AWS\Zaabee.AWS.SQS\Zaabee.AWS.SQS.csproj", "{6D4617D5-3AAC-4918-90A9-770B822CDADC}"
EndProject
Project("{FAE04EC0-301F-11D3-BF4B-00C04F79EFBC}") = "Zaabee.Azure.EventGrid", "src\Azure\Zaabee.Azure.EventGrid\Zaabee.Azure.EventGrid.csproj", "{E0289A65-A649-4974-B0E9-77D7CBAC1EA7}"
EndProject
Project("{FAE04EC0-301F-11D3-BF4B-00C04F79EFBC}") = "Zaabee.Azure.EventHubs", "src\Azure\Zaabee.Azure.EventHubs\Zaabee.Azure.EventHubs.csproj", "{36BC3ABC-23B3-4947-85C4-067B20F89D80}"
EndProject
Project("{FAE04EC0-301F-11D3-BF4B-00C04F79EFBC}") = "Zaabee.Azure.QueueStorage", "src\Azure\Zaabee.Azure.QueueStorage\Zaabee.Azure.QueueStorage.csproj", "{FCD1B7AD-0E28-4270-9DC4-8DA3BB7E9A53}"
EndProject
Project("{FAE04EC0-301F-11D3-BF4B-00C04F79EFBC}") = "Zaabee.Azure.ServiceBus", "src\Azure\Zaabee.Azure.ServiceBus\Zaabee.Azure.ServiceBus.csproj", "{4B30E62A-2AF8-4050-AA80-C82C0859B3FF}"
EndProject
Project("{FAE04EC0-301F-11D3-BF4B-00C04F79EFBC}") = "Zaabee.GCP.PubSub", "GCP\Zaabee.GCP.PubSub\Zaabee.GCP.PubSub.csproj", "{A2460F3C-CBB8-4A64-9C9D-E6132A579190}"
EndProject
Global
	GlobalSection(SolutionConfigurationPlatforms) = preSolution
		Debug|Any CPU = Debug|Any CPU
		Release|Any CPU = Release|Any CPU
	EndGlobalSection
	GlobalSection(NestedProjects) = preSolution
		{46D6249C-F6D3-4C5C-9089-E9CC090379FE} = {EDD2FEB5-3174-4CEA-98B7-7CA94983488E}
		{A607E3F2-ABC5-4731-AF66-1F4C309057F6} = {EDD2FEB5-3174-4CEA-98B7-7CA94983488E}
		{FD16651D-69FA-44EC-A2D2-0CE57C8A0B0F} = {EDD2FEB5-3174-4CEA-98B7-7CA94983488E}
		{A5681771-4398-4828-8AC6-B9845F10819C} = {46D6249C-F6D3-4C5C-9089-E9CC090379FE}
		{DDE5F1B9-6156-4ADE-96CD-F36C7AD4CABD} = {46D6249C-F6D3-4C5C-9089-E9CC090379FE}
		{C571B4B0-55DE-45CB-A31B-D6504094A34D} = {46D6249C-F6D3-4C5C-9089-E9CC090379FE}
		{1B1904F2-DFC7-4CA9-AD3C-57A295D50A1B} = {46D6249C-F6D3-4C5C-9089-E9CC090379FE}
		{6D4617D5-3AAC-4918-90A9-770B822CDADC} = {46D6249C-F6D3-4C5C-9089-E9CC090379FE}
		{E0289A65-A649-4974-B0E9-77D7CBAC1EA7} = {A607E3F2-ABC5-4731-AF66-1F4C309057F6}
		{36BC3ABC-23B3-4947-85C4-067B20F89D80} = {A607E3F2-ABC5-4731-AF66-1F4C309057F6}
		{FCD1B7AD-0E28-4270-9DC4-8DA3BB7E9A53} = {A607E3F2-ABC5-4731-AF66-1F4C309057F6}
		{4B30E62A-2AF8-4050-AA80-C82C0859B3FF} = {A607E3F2-ABC5-4731-AF66-1F4C309057F6}
		{A2460F3C-CBB8-4A64-9C9D-E6132A579190} = {FD16651D-69FA-44EC-A2D2-0CE57C8A0B0F}
	EndGlobalSection
	GlobalSection(ProjectConfigurationPlatforms) = postSolution
		{A5681771-4398-4828-8AC6-B9845F10819C}.Debug|Any CPU.ActiveCfg = Debug|Any CPU
		{A5681771-4398-4828-8AC6-B9845F10819C}.Debug|Any CPU.Build.0 = Debug|Any CPU
		{A5681771-4398-4828-8AC6-B9845F10819C}.Release|Any CPU.ActiveCfg = Release|Any CPU
		{A5681771-4398-4828-8AC6-B9845F10819C}.Release|Any CPU.Build.0 = Release|Any CPU
		{DDE5F1B9-6156-4ADE-96CD-F36C7AD4CABD}.Debug|Any CPU.ActiveCfg = Debug|Any CPU
		{DDE5F1B9-6156-4ADE-96CD-F36C7AD4CABD}.Debug|Any CPU.Build.0 = Debug|Any CPU
		{DDE5F1B9-6156-4ADE-96CD-F36C7AD4CABD}.Release|Any CPU.ActiveCfg = Release|Any CPU
		{DDE5F1B9-6156-4ADE-96CD-F36C7AD4CABD}.Release|Any CPU.Build.0 = Release|Any CPU
		{C571B4B0-55DE-45CB-A31B-D6504094A34D}.Debug|Any CPU.ActiveCfg = Debug|Any CPU
		{C571B4B0-55DE-45CB-A31B-D6504094A34D}.Debug|Any CPU.Build.0 = Debug|Any CPU
		{C571B4B0-55DE-45CB-A31B-D6504094A34D}.Release|Any CPU.ActiveCfg = Release|Any CPU
		{C571B4B0-55DE-45CB-A31B-D6504094A34D}.Release|Any CPU.Build.0 = Release|Any CPU
		{1B1904F2-DFC7-4CA9-AD3C-57A295D50A1B}.Debug|Any CPU.ActiveCfg = Debug|Any CPU
		{1B1904F2-DFC7-4CA9-AD3C-57A295D50A1B}.Debug|Any CPU.Build.0 = Debug|Any CPU
		{1B1904F2-DFC7-4CA9-AD3C-57A295D50A1B}.Release|Any CPU.ActiveCfg = Release|Any CPU
		{1B1904F2-DFC7-4CA9-AD3C-57A295D50A1B}.Release|Any CPU.Build.0 = Release|Any CPU
		{6D4617D5-3AAC-4918-90A9-770B822CDADC}.Debug|Any CPU.ActiveCfg = Debug|Any CPU
		{6D4617D5-3AAC-4918-90A9-770B822CDADC}.Debug|Any CPU.Build.0 = Debug|Any CPU
		{6D4617D5-3AAC-4918-90A9-770B822CDADC}.Release|Any CPU.ActiveCfg = Release|Any CPU
		{6D4617D5-3AAC-4918-90A9-770B822CDADC}.Release|Any CPU.Build.0 = Release|Any CPU
		{E0289A65-A649-4974-B0E9-77D7CBAC1EA7}.Debug|Any CPU.ActiveCfg = Debug|Any CPU
		{E0289A65-A649-4974-B0E9-77D7CBAC1EA7}.Debug|Any CPU.Build.0 = Debug|Any CPU
		{E0289A65-A649-4974-B0E9-77D7CBAC1EA7}.Release|Any CPU.ActiveCfg = Release|Any CPU
		{E0289A65-A649-4974-B0E9-77D7CBAC1EA7}.Release|Any CPU.Build.0 = Release|Any CPU
		{36BC3ABC-23B3-4947-85C4-067B20F89D80}.Debug|Any CPU.ActiveCfg = Debug|Any CPU
		{36BC3ABC-23B3-4947-85C4-067B20F89D80}.Debug|Any CPU.Build.0 = Debug|Any CPU
		{36BC3ABC-23B3-4947-85C4-067B20F89D80}.Release|Any CPU.ActiveCfg = Release|Any CPU
		{36BC3ABC-23B3-4947-85C4-067B20F89D80}.Release|Any CPU.Build.0 = Release|Any CPU
		{FCD1B7AD-0E28-4270-9DC4-8DA3BB7E9A53}.Debug|Any CPU.ActiveCfg = Debug|Any CPU
		{FCD1B7AD-0E28-4270-9DC4-8DA3BB7E9A53}.Debug|Any CPU.Build.0 = Debug|Any CPU
		{FCD1B7AD-0E28-4270-9DC4-8DA3BB7E9A53}.Release|Any CPU.ActiveCfg = Release|Any CPU
		{FCD1B7AD-0E28-4270-9DC4-8DA3BB7E9A53}.Release|Any CPU.Build.0 = Release|Any CPU
		{4B30E62A-2AF8-4050-AA80-C82C0859B3FF}.Debug|Any CPU.ActiveCfg = Debug|Any CPU
		{4B30E62A-2AF8-4050-AA80-C82C0859B3FF}.Debug|Any CPU.Build.0 = Debug|Any CPU
		{4B30E62A-2AF8-4050-AA80-C82C0859B3FF}.Release|Any CPU.ActiveCfg = Release|Any CPU
		{4B30E62A-2AF8-4050-AA80-C82C0859B3FF}.Release|Any CPU.Build.0 = Release|Any CPU
		{A2460F3C-CBB8-4A64-9C9D-E6132A579190}.Debug|Any CPU.ActiveCfg = Debug|Any CPU
		{A2460F3C-CBB8-4A64-9C9D-E6132A579190}.Debug|Any CPU.Build.0 = Debug|Any CPU
		{A2460F3C-CBB8-4A64-9C9D-E6132A579190}.Release|Any CPU.ActiveCfg = Release|Any CPU
		{A2460F3C-CBB8-4A64-9C9D-E6132A579190}.Release|Any CPU.Build.0 = Release|Any CPU
	EndGlobalSection
EndGlobal
